// !$*UTF8*$!
{
	archiveVersion = 1;
	classes = {
	};
	objectVersion = 46;
	objects = {

/* Begin PBXBuildFile section */
		255FC50012DDA339F1202871 /* Pods_iX_Chat.framework in Frameworks */ = {isa = PBXBuildFile; fileRef = 093444DC22A6F345255EDDC8 /* Pods_iX_Chat.framework */; };
		30053BA41F1E3CB500E37900 /* AppDelegate.swift in Sources */ = {isa = PBXBuildFile; fileRef = 30053BA31F1E3CB500E37900 /* AppDelegate.swift */; };
		30053BA61F1E3CB500E37900 /* ViewController.swift in Sources */ = {isa = PBXBuildFile; fileRef = 30053BA51F1E3CB500E37900 /* ViewController.swift */; };
		30053BA91F1E3CB500E37900 /* Main.storyboard in Resources */ = {isa = PBXBuildFile; fileRef = 30053BA71F1E3CB500E37900 /* Main.storyboard */; };
		30053BAB1F1E3CB500E37900 /* Assets.xcassets in Resources */ = {isa = PBXBuildFile; fileRef = 30053BAA1F1E3CB500E37900 /* Assets.xcassets */; };
		30053BAE1F1E3CB500E37900 /* LaunchScreen.storyboard in Resources */ = {isa = PBXBuildFile; fileRef = 30053BAC1F1E3CB500E37900 /* LaunchScreen.storyboard */; };
		30053BB61F1E3E9000E37900 /* GoogleService-Info1.plist in Resources */ = {isa = PBXBuildFile; fileRef = 30053BB51F1E3E9000E37900 /* GoogleService-Info1.plist */; };
/* End PBXBuildFile section */

/* Begin PBXFileReference section */
		093444DC22A6F345255EDDC8 /* Pods_iX_Chat.framework */ = {isa = PBXFileReference; explicitFileType = wrapper.framework; includeInIndex = 0; path = Pods_iX_Chat.framework; sourceTree = BUILT_PRODUCTS_DIR; };
		145B00D63B4E246FD2DF6189 /* Pods-iX_Chat.release.xcconfig */ = {isa = PBXFileReference; includeInIndex = 1; lastKnownFileType = text.xcconfig; name = "Pods-iX_Chat.release.xcconfig"; path = "Pods/Target Support Files/Pods-iX_Chat/Pods-iX_Chat.release.xcconfig"; sourceTree = "<group>"; };
		30053BA01F1E3CB500E37900 /* iX_Chat.app */ = {isa = PBXFileReference; explicitFileType = wrapper.application; includeInIndex = 0; path = iX_Chat.app; sourceTree = BUILT_PRODUCTS_DIR; };
		30053BA31F1E3CB500E37900 /* AppDelegate.swift */ = {isa = PBXFileReference; lastKnownFileType = sourcecode.swift; path = AppDelegate.swift; sourceTree = "<group>"; };
		30053BA51F1E3CB500E37900 /* ViewController.swift */ = {isa = PBXFileReference; lastKnownFileType = sourcecode.swift; path = ViewController.swift; sourceTree = "<group>"; };
		30053BA81F1E3CB500E37900 /* Base */ = {isa = PBXFileReference; lastKnownFileType = file.storyboard; name = Base; path = Base.lproj/Main.storyboard; sourceTree = "<group>"; };
		30053BAA1F1E3CB500E37900 /* Assets.xcassets */ = {isa = PBXFileReference; lastKnownFileType = folder.assetcatalog; path = Assets.xcassets; sourceTree = "<group>"; };
		30053BAD1F1E3CB500E37900 /* Base */ = {isa = PBXFileReference; lastKnownFileType = file.storyboard; name = Base; path = Base.lproj/LaunchScreen.storyboard; sourceTree = "<group>"; };
		30053BAF1F1E3CB500E37900 /* Info.plist */ = {isa = PBXFileReference; lastKnownFileType = text.plist.xml; path = Info.plist; sourceTree = "<group>"; };
		30053BB51F1E3E9000E37900 /* GoogleService-Info1.plist */ = {isa = PBXFileReference; fileEncoding = 4; lastKnownFileType = text.plist.xml; name = "GoogleService-Info1.plist"; path = "../../../../Downloads/GoogleService-Info1.plist"; sourceTree = "<group>"; };
		D22D5922A9C03A9A62973672 /* Pods-iX_Chat.debug.xcconfig */ = {isa = PBXFileReference; includeInIndex = 1; lastKnownFileType = text.xcconfig; name = "Pods-iX_Chat.debug.xcconfig"; path = "Pods/Target Support Files/Pods-iX_Chat/Pods-iX_Chat.debug.xcconfig"; sourceTree = "<group>"; };
/* End PBXFileReference section */

/* Begin PBXFrameworksBuildPhase section */
		30053B9D1F1E3CB500E37900 /* Frameworks */ = {
			isa = PBXFrameworksBuildPhase;
			buildActionMask = 2147483647;
			files = (
				255FC50012DDA339F1202871 /* Pods_iX_Chat.framework in Frameworks */,
			);
			runOnlyForDeploymentPostprocessing = 0;
		};
/* End PBXFrameworksBuildPhase section */

/* Begin PBXGroup section */
		30053B971F1E3CB500E37900 = {
			isa = PBXGroup;
			children = (
				30053BA21F1E3CB500E37900 /* iX_Chat */,
				30053BA11F1E3CB500E37900 /* Products */,
				456DE716D4EAF9BBF9EC5EFA /* Pods */,
				72C95A340D2CBD26A71D4703 /* Frameworks */,
			);
			sourceTree = "<group>";
		};
		30053BA11F1E3CB500E37900 /* Products */ = {
			isa = PBXGroup;
			children = (
				30053BA01F1E3CB500E37900 /* iX_Chat.app */,
			);
			name = Products;
			sourceTree = "<group>";
		};
		30053BA21F1E3CB500E37900 /* iX_Chat */ = {
			isa = PBXGroup;
			children = (
				30053BA31F1E3CB500E37900 /* AppDelegate.swift */,
				30053BA51F1E3CB500E37900 /* ViewController.swift */,
				30053BA71F1E3CB500E37900 /* Main.storyboard */,
				30053BAA1F1E3CB500E37900 /* Assets.xcassets */,
				30053BAC1F1E3CB500E37900 /* LaunchScreen.storyboard */,
				30053BAF1F1E3CB500E37900 /* Info.plist */,
				30053BB51F1E3E9000E37900 /* GoogleService-Info1.plist */,
			);
			path = iX_Chat;
			sourceTree = "<group>";
		};
		456DE716D4EAF9BBF9EC5EFA /* Pods */ = {
			isa = PBXGroup;
			children = (
				D22D5922A9C03A9A62973672 /* Pods-iX_Chat.debug.xcconfig */,
				145B00D63B4E246FD2DF6189 /* Pods-iX_Chat.release.xcconfig */,
			);
			name = Pods;
			sourceTree = "<group>";
		};
		72C95A340D2CBD26A71D4703 /* Frameworks */ = {
			isa = PBXGroup;
			children = (
				093444DC22A6F345255EDDC8 /* Pods_iX_Chat.framework */,
			);
			name = Frameworks;
			sourceTree = "<group>";
		};
/* End PBXGroup section */

/* Begin PBXNativeTarget section */
		30053B9F1F1E3CB500E37900 /* iX_Chat */ = {
			isa = PBXNativeTarget;
			buildConfigurationList = 30053BB21F1E3CB500E37900 /* Build configuration list for PBXNativeTarget "iX_Chat" */;
			buildPhases = (
				450C6FABBE0E7418907683F8 /* [CP] Check Pods Manifest.lock */,
				30053B9C1F1E3CB500E37900 /* Sources */,
				30053B9D1F1E3CB500E37900 /* Frameworks */,
				30053B9E1F1E3CB500E37900 /* Resources */,
				B8C7517F0E0CD0184BB386C4 /* [CP] Embed Pods Frameworks */,
				57DD057A22475969D5553F6C /* [CP] Copy Pods Resources */,
			);
			buildRules = (
			);
			dependencies = (
			);
			name = iX_Chat;
			productName = iX_Chat;
			productReference = 30053BA01F1E3CB500E37900 /* iX_Chat.app */;
			productType = "com.apple.product-type.application";
		};
/* End PBXNativeTarget section */

/* Begin PBXProject section */
		30053B981F1E3CB500E37900 /* Project object */ = {
			isa = PBXProject;
			attributes = {
				LastSwiftUpdateCheck = 0820;
				LastUpgradeCheck = 0820;
				ORGANIZATIONNAME = "Jacob Shavel";
				TargetAttributes = {
					30053B9F1F1E3CB500E37900 = {
						CreatedOnToolsVersion = 8.2.1;
						ProvisioningStyle = Automatic;
					};
				};
			};
			buildConfigurationList = 30053B9B1F1E3CB500E37900 /* Build configuration list for PBXProject "iX_Chat" */;
			compatibilityVersion = "Xcode 3.2";
			developmentRegion = English;
			hasScannedForEncodings = 0;
			knownRegions = (
				en,
				Base,
			);
			mainGroup = 30053B971F1E3CB500E37900;
			productRefGroup = 30053BA11F1E3CB500E37900 /* Products */;
			projectDirPath = "";
			projectRoot = "";
			targets = (
				30053B9F1F1E3CB500E37900 /* iX_Chat */,
			);
		};
/* End PBXProject section */

/* Begin PBXResourcesBuildPhase section */
		30053B9E1F1E3CB500E37900 /* Resources */ = {
			isa = PBXResourcesBuildPhase;
			buildActionMask = 2147483647;
			files = (
				30053BB61F1E3E9000E37900 /* GoogleService-Info1.plist in Resources */,
				30053BAE1F1E3CB500E37900 /* LaunchScreen.storyboard in Resources */,
				30053BAB1F1E3CB500E37900 /* Assets.xcassets in Resources */,
				30053BA91F1E3CB500E37900 /* Main.storyboard in Resources */,
			);
			runOnlyForDeploymentPostprocessing = 0;
		};
/* End PBXResourcesBuildPhase section */

/* Begin PBXShellScriptBuildPhase section */
		450C6FABBE0E7418907683F8 /* [CP] Check Pods Manifest.lock */ = {
			isa = PBXShellScriptBuildPhase;
			buildActionMask = 2147483647;
			files = (
			);
			inputPaths = (
			);
			name = "[CP] Check Pods Manifest.lock";
			outputPaths = (
			);
			runOnlyForDeploymentPostprocessing = 0;
			shellPath = /bin/sh;
			shellScript = "diff \"${PODS_PODFILE_DIR_PATH}/Podfile.lock\" \"${PODS_ROOT}/Manifest.lock\" > /dev/null\nif [ $? != 0 ] ; then\n    # print error to STDERR\n    echo \"error: The sandbox is not in sync with the Podfile.lock. Run 'pod install' or update your CocoaPods installation.\" >&2\n    exit 1\nfi\n";
			showEnvVarsInLog = 0;
		};
		57DD057A22475969D5553F6C /* [CP] Copy Pods Resources */ = {
			isa = PBXShellScriptBuildPhase;
			buildActionMask = 2147483647;
			files = (
			);
			inputPaths = (
			);
			name = "[CP] Copy Pods Resources";
			outputPaths = (
			);
			runOnlyForDeploymentPostprocessing = 0;
			shellPath = /bin/sh;
			shellScript = "\"${SRCROOT}/Pods/Target Support Files/Pods-iX_Chat/Pods-iX_Chat-resources.sh\"\n";
			showEnvVarsInLog = 0;
		};
		B8C7517F0E0CD0184BB386C4 /* [CP] Embed Pods Frameworks */ = {
			isa = PBXShellScriptBuildPhase;
			buildActionMask = 2147483647;
			files = (
			);
			inputPaths = (
			);
			name = "[CP] Embed Pods Frameworks";
			outputPaths = (
			);
			runOnlyForDeploymentPostprocessing = 0;
			shellPath = /bin/sh;
			shellScript = "\"${SRCROOT}/Pods/Target Support Files/Pods-iX_Chat/Pods-iX_Chat-frameworks.sh\"\n";
			showEnvVarsInLog = 0;
		};
/* End PBXShellScriptBuildPhase section */

/* Begin PBXSourcesBuildPhase section */
		30053B9C1F1E3CB500E37900 /* Sources */ = {
			isa = PBXSourcesBuildPhase;
			buildActionMask = 2147483647;
			files = (
				30053BA61F1E3CB500E37900 /* ViewController.swift in Sources */,
				30053BA41F1E3CB500E37900 /* AppDelegate.swift in Sources */,
			);
			runOnlyForDeploymentPostprocessing = 0;
		};
/* End PBXSourcesBuildPhase section */

/* Begin PBXVariantGroup section */
		30053BA71F1E3CB500E37900 /* Main.storyboard */ = {
			isa = PBXVariantGroup;
			children = (
				30053BA81F1E3CB500E37900 /* Base */,
			);
			name = Main.storyboard;
			sourceTree = "<group>";
		};
		30053BAC1F1E3CB500E37900 /* LaunchScreen.storyboard */ = {
			isa = PBXVariantGroup;
			children = (
				30053BAD1F1E3CB500E37900 /* Base */,
			);
			name = LaunchScreen.storyboard;
			sourceTree = "<group>";
		};
/* End PBXVariantGroup section */

/* Begin XCBuildConfiguration section */
		30053BB01F1E3CB500E37900 /* Debug */ = {
			isa = XCBuildConfiguration;
			buildSettings = {
				ALWAYS_SEARCH_USER_PATHS = NO;
				CLANG_ANALYZER_NONNULL = YES;
				CLANG_CXX_LANGUAGE_STANDARD = "gnu++0x";
				CLANG_CXX_LIBRARY = "libc++";
				CLANG_ENABLE_MODULES = YES;
				CLANG_ENABLE_OBJC_ARC = YES;
				CLANG_WARN_BOOL_CONVERSION = YES;
				CLANG_WARN_CONSTANT_CONVERSION = YES;
				CLANG_WARN_DIRECT_OBJC_ISA_USAGE = YES_ERROR;
				CLANG_WARN_DOCUMENTATION_COMMENTS = YES;
				CLANG_WARN_EMPTY_BODY = YES;
				CLANG_WARN_ENUM_CONVERSION = YES;
				CLANG_WARN_INFINITE_RECURSION = YES;
				CLANG_WARN_INT_CONVERSION = YES;
				CLANG_WARN_OBJC_ROOT_CLASS = YES_ERROR;
				CLANG_WARN_SUSPICIOUS_MOVE = YES;
				CLANG_WARN_UNREACHABLE_CODE = YES;
				CLANG_WARN__DUPLICATE_METHOD_MATCH = YES;
				"CODE_SIGN_IDENTITY[sdk=iphoneos*]" = "iPhone Developer";
				COPY_PHASE_STRIP = NO;
				DEBUG_INFORMATION_FORMAT = dwarf;
				ENABLE_STRICT_OBJC_MSGSEND = YES;
				ENABLE_TESTABILITY = YES;
				GCC_C_LANGUAGE_STANDARD = gnu99;
				GCC_DYNAMIC_NO_PIC = NO;
				GCC_NO_COMMON_BLOCKS = YES;
				GCC_OPTIMIZATION_LEVEL = 0;
				GCC_PREPROCESSOR_DEFINITIONS = (
					"DEBUG=1",
					"$(inherited)",
				);
				GCC_WARN_64_TO_32_BIT_CONVERSION = YES;
				GCC_WARN_ABOUT_RETURN_TYPE = YES_ERROR;
				GCC_WARN_UNDECLARED_SELECTOR = YES;
				GCC_WARN_UNINITIALIZED_AUTOS = YES_AGGRESSIVE;
				GCC_WARN_UNUSED_FUNCTION = YES;
				GCC_WARN_UNUSED_VARIABLE = YES;
				IPHONEOS_DEPLOYMENT_TARGET = 10.2;
				MTL_ENABLE_DEBUG_INFO = YES;
				ONLY_ACTIVE_ARCH = YES;
				SDKROOT = iphoneos;
				SWIFT_ACTIVE_COMPILATION_CONDITIONS = DEBUG;
				SWIFT_OPTIMIZATION_LEVEL = "-Onone";
				TARGETED_DEVICE_FAMILY = "1,2";
			};
			name = Debug;
		};
		30053BB11F1E3CB500E37900 /* Release */ = {
			isa = XCBuildConfiguration;
			buildSettings = {
				ALWAYS_SEARCH_USER_PATHS = NO;
				CLANG_ANALYZER_NONNULL = YES;
				CLANG_CXX_LANGUAGE_STANDARD = "gnu++0x";
				CLANG_CXX_LIBRARY = "libc++";
				CLANG_ENABLE_MODULES = YES;
				CLANG_ENABLE_OBJC_ARC = YES;
				CLANG_WARN_BOOL_CONVERSION = YES;
				CLANG_WARN_CONSTANT_CONVERSION = YES;
				CLANG_WARN_DIRECT_OBJC_ISA_USAGE = YES_ERROR;
				CLANG_WARN_DOCUMENTATION_COMMENTS = YES;
				CLANG_WARN_EMPTY_BODY = YES;
				CLANG_WARN_ENUM_CONVERSION = YES;
				CLANG_WARN_INFINITE_RECURSION = YES;
				CLANG_WARN_INT_CONVERSION = YES;
				CLANG_WARN_OBJC_ROOT_CLASS = YES_ERROR;
				CLANG_WARN_SUSPICIOUS_MOVE = YES;
				CLANG_WARN_UNREACHABLE_CODE = YES;
				CLANG_WARN__DUPLICATE_METHOD_MATCH = YES;
				"CODE_SIGN_IDENTITY[sdk=iphoneos*]" = "iPhone Developer";
				COPY_PHASE_STRIP = NO;
				DEBUG_INFORMATION_FORMAT = "dwarf-with-dsym";
				ENABLE_NS_ASSERTIONS = NO;
				ENABLE_STRICT_OBJC_MSGSEND = YES;
				GCC_C_LANGUAGE_STANDARD = gnu99;
				GCC_NO_COMMON_BLOCKS = YES;
				GCC_WARN_64_TO_32_BIT_CONVERSION = YES;
				GCC_WARN_ABOUT_RETURN_TYPE = YES_ERROR;
				GCC_WARN_UNDECLARED_SELECTOR = YES;
				GCC_WARN_UNINITIALIZED_AUTOS = YES_AGGRESSIVE;
				GCC_WARN_UNUSED_FUNCTION = YES;
				GCC_WARN_UNUSED_VARIABLE = YES;
				IPHONEOS_DEPLOYMENT_TARGET = 10.2;
				MTL_ENABLE_DEBUG_INFO = NO;
				SDKROOT = iphoneos;
				SWIFT_OPTIMIZATION_LEVEL = "-Owholemodule";
				TARGETED_DEVICE_FAMILY = "1,2";
				VALIDATE_PRODUCT = YES;
			};
			name = Release;
		};
		30053BB31F1E3CB500E37900 /* Debug */ = {
			isa = XCBuildConfiguration;
			baseConfigurationReference = D22D5922A9C03A9A62973672 /* Pods-iX_Chat.debug.xcconfig */;
			buildSettings = {
				ASSETCATALOG_COMPILER_APPICON_NAME = AppIcon;
				INFOPLIST_FILE = iX_Chat/Info.plist;
				LD_RUNPATH_SEARCH_PATHS = "$(inherited) @executable_path/Frameworks";
				PRODUCT_BUNDLE_IDENTIFIER = "Jacob-Shavel.iX-Chat";
				PRODUCT_NAME = "$(TARGET_NAME)";
				SWIFT_VERSION = 3.0;
			};
			name = Debug;
		};
		30053BB41F1E3CB500E37900 /* Release */ = {
			isa = XCBuildConfiguration;
			baseConfigurationReference = 145B00D63B4E246FD2DF6189 /* Pods-iX_Chat.release.xcconfig */;
			buildSettings = {
				ASSETCATALOG_COMPILER_APPICON_NAME = AppIcon;
				INFOPLIST_FILE = iX_Chat/Info.plist;
				LD_RUNPATH_SEARCH_PATHS = "$(inherited) @executable_path/Frameworks";
				PRODUCT_BUNDLE_IDENTIFIER = "Jacob-Shavel.iX-Chat";
				PRODUCT_NAME = "$(TARGET_NAME)";
				SWIFT_VERSION = 3.0;
			};
			name = Release;
		};
/* End XCBuildConfiguration section */

/* Begin XCConfigurationList section */
		30053B9B1F1E3CB500E37900 /* Build configuration list for PBXProject "iX_Chat" */ = {
			isa = XCConfigurationList;
			buildConfigurations = (
				30053BB01F1E3CB500E37900 /* Debug */,
				30053BB11F1E3CB500E37900 /* Release */,
			);
			defaultConfigurationIsVisible = 0;
			defaultConfigurationName = Release;
		};
		30053BB21F1E3CB500E37900 /* Build configuration list for PBXNativeTarget "iX_Chat" */ = {
			isa = XCConfigurationList;
			buildConfigurations = (
				30053BB31F1E3CB500E37900 /* Debug */,
				30053BB41F1E3CB500E37900 /* Release */,
			);
			defaultConfigurationIsVisible = 0;
			defaultConfigurationName = Release;
		};
/* End XCConfigurationList section */
	};
	rootObject = 30053B981F1E3CB500E37900 /* Project object */;
}
